
Microsoft Visual Studio Solution File, Format Version 12.00
# Visual Studio 15
VisualStudioVersion = 15.0.28307.757
MinimumVisualStudioVersion = 10.0.40219.1
Project("{FAE04EC0-301F-11D3-BF4B-00C04F79EFBC}") = "MonitorTimeActionFilter", "MonitorTimeActionFilterAttribute\MonitorTimeActionFilter.csproj", "{66B52205-7BD9-44BD-8758-5B8791F2E2FF}"
EndProject
Global
	GlobalSection(SolutionConfigurationPlatforms) = preSolution
		Debug|Any CPU = Debug|Any CPU
		Release|Any CPU = Release|Any CPU
	EndGlobalSection
	GlobalSection(ProjectConfigurationPlatforms) = postSolution
		{66B52205-7BD9-44BD-8758-5B8791F2E2FF}.Debug|Any CPU.ActiveCfg = Debug|Any CPU
		{66B52205-7BD9-44BD-8758-5B8791F2E2FF}.Debug|Any CPU.Build.0 = Debug|Any CPU
		{66B52205-7BD9-44BD-8758-5B8791F2E2FF}.Release|Any CPU.ActiveCfg = Release|Any CPU
		{66B52205-7BD9-44BD-8758-5B8791F2E2FF}.Release|Any CPU.Build.0 = Release|Any CPU
	EndGlobalSection
	GlobalSection(SolutionProperties) = preSolution
		HideSolutionNode = FALSE
	EndGlobalSection
	GlobalSection(ExtensibilityGlobals) = postSolution
		SolutionGuid = {1D74FEFC-BBC8-478D-89B4-49CC0ED61ED5}
	EndGlobalSection
EndGlobal
